// !$*UTF8*$!
{
	archiveVersion = 1;
	classes = {
	};
	objectVersion = 55;
	objects = {

/* Begin PBXBuildFile section */
		9E1530D0278EDED3009CDBDB /* String+filterFoods.swift in Sources */ = {isa = PBXBuildFile; fileRef = 9E1530CF278EDED3009CDBDB /* String+filterFoods.swift */; };
		9E327D57278E0CF000356646 /* FoodListCollectionViewCell.swift in Sources */ = {isa = PBXBuildFile; fileRef = 9E327D55278E0CF000356646 /* FoodListCollectionViewCell.swift */; };
		9E327D58278E0CF000356646 /* FoodListCollectionViewCell.xib in Resources */ = {isa = PBXBuildFile; fileRef = 9E327D56278E0CF000356646 /* FoodListCollectionViewCell.xib */; };
		9E327D5A278E0EC100356646 /* FoodListVC.swift in Sources */ = {isa = PBXBuildFile; fileRef = 9E327D59278E0EC100356646 /* FoodListVC.swift */; };
		9E327D5C278E0F6F00356646 /* FoodListProtocols.swift in Sources */ = {isa = PBXBuildFile; fileRef = 9E327D5B278E0F6F00356646 /* FoodListProtocols.swift */; };
		9E327D5E278E0FC100356646 /* FoodListRouter.swift in Sources */ = {isa = PBXBuildFile; fileRef = 9E327D5D278E0FC100356646 /* FoodListRouter.swift */; };
		9E327D60278E0FE500356646 /* FoodListInteractor.swift in Sources */ = {isa = PBXBuildFile; fileRef = 9E327D5F278E0FE500356646 /* FoodListInteractor.swift */; };
		9E327D62278E100500356646 /* FoodListPresenter.swift in Sources */ = {isa = PBXBuildFile; fileRef = 9E327D61278E100500356646 /* FoodListPresenter.swift */; };
		9E327D65278E12B200356646 /* FoodListFilter.swift in Sources */ = {isa = PBXBuildFile; fileRef = 9E327D64278E12B200356646 /* FoodListFilter.swift */; };
		9E84C45A278B5DA500870EB6 /* UIButton+reshape.swift in Sources */ = {isa = PBXBuildFile; fileRef = 9E84C459278B5DA400870EB6 /* UIButton+reshape.swift */; };
		9E84C45D278B5FD300870EB6 /* UITextField+cornerShape.swift in Sources */ = {isa = PBXBuildFile; fileRef = 9E84C45C278B5FD300870EB6 /* UITextField+cornerShape.swift */; };
		9E84C45F278B637700870EB6 /* UIButton+turnButton.swift in Sources */ = {isa = PBXBuildFile; fileRef = 9E84C45E278B637700870EB6 /* UIButton+turnButton.swift */; };
		9E84C462278B72A900870EB6 /* Diaglog.swift in Sources */ = {isa = PBXBuildFile; fileRef = 9E84C461278B72A900870EB6 /* Diaglog.swift */; };
		9E84C466278B7CAB00870EB6 /* MainpageVC.swift in Sources */ = {isa = PBXBuildFile; fileRef = 9E84C465278B7CAB00870EB6 /* MainpageVC.swift */; };
		9E84C469278B7F1600870EB6 /* Constants.swift in Sources */ = {isa = PBXBuildFile; fileRef = 9E84C468278B7F1600870EB6 /* Constants.swift */; };
		9E84C46F278C5FAB00870EB6 /* LoginPageProtocols.swift in Sources */ = {isa = PBXBuildFile; fileRef = 9E84C46E278C5FAB00870EB6 /* LoginPageProtocols.swift */; };
		9E84C471278C604A00870EB6 /* LoginPagePresenter.swift in Sources */ = {isa = PBXBuildFile; fileRef = 9E84C470278C604A00870EB6 /* LoginPagePresenter.swift */; };
		9E84C473278C607300870EB6 /* LoginPageInteractor.swift in Sources */ = {isa = PBXBuildFile; fileRef = 9E84C472278C607300870EB6 /* LoginPageInteractor.swift */; };
		9E84C475278C60AF00870EB6 /* LoginPageRouter.swift in Sources */ = {isa = PBXBuildFile; fileRef = 9E84C474278C60AF00870EB6 /* LoginPageRouter.swift */; };
		9E84C47E278C618E00870EB6 /* HeaderTableViewCell.swift in Sources */ = {isa = PBXBuildFile; fileRef = 9E84C47C278C618D00870EB6 /* HeaderTableViewCell.swift */; };
		9E84C47F278C618E00870EB6 /* HeaderTableViewCell.xib in Resources */ = {isa = PBXBuildFile; fileRef = 9E84C47D278C618E00870EB6 /* HeaderTableViewCell.xib */; };
		9E84C483278C65AE00870EB6 /* CategoryWrapperTableViewCell.swift in Sources */ = {isa = PBXBuildFile; fileRef = 9E84C481278C65AE00870EB6 /* CategoryWrapperTableViewCell.swift */; };
		9E84C484278C65AE00870EB6 /* CategoryWrapperTableViewCell.xib in Resources */ = {isa = PBXBuildFile; fileRef = 9E84C482278C65AE00870EB6 /* CategoryWrapperTableViewCell.xib */; };
		9E84C488278C661F00870EB6 /* CategoryCollectionViewCell.swift in Sources */ = {isa = PBXBuildFile; fileRef = 9E84C486278C661F00870EB6 /* CategoryCollectionViewCell.swift */; };
		9E84C489278C661F00870EB6 /* CategoryCollectionViewCell.xib in Resources */ = {isa = PBXBuildFile; fileRef = 9E84C487278C661F00870EB6 /* CategoryCollectionViewCell.xib */; };
		9E84C48C278C677400870EB6 /* ProductTableViewCell.swift in Sources */ = {isa = PBXBuildFile; fileRef = 9E84C48A278C677400870EB6 /* ProductTableViewCell.swift */; };
		9E84C48D278C677400870EB6 /* ProductTableViewCell.xib in Resources */ = {isa = PBXBuildFile; fileRef = 9E84C48B278C677400870EB6 /* ProductTableViewCell.xib */; };
		9E84C490278C6D6500870EB6 /* Category.swift in Sources */ = {isa = PBXBuildFile; fileRef = 9E84C48F278C6D6500870EB6 /* Category.swift */; };
		9E84C499278C7C9F00870EB6 /* GetFoodResponse.swift in Sources */ = {isa = PBXBuildFile; fileRef = 9E84C498278C7C9F00870EB6 /* GetFoodResponse.swift */; };
		9E84C49B278C914300870EB6 /* MainpageProtocols.swift in Sources */ = {isa = PBXBuildFile; fileRef = 9E84C49A278C914300870EB6 /* MainpageProtocols.swift */; };
		9E84C49D278C9A9F00870EB6 /* MainpagePresenter.swift in Sources */ = {isa = PBXBuildFile; fileRef = 9E84C49C278C9A9F00870EB6 /* MainpagePresenter.swift */; };
		9E84C49F278C9DEF00870EB6 /* MainpageInteractor.swift in Sources */ = {isa = PBXBuildFile; fileRef = 9E84C49E278C9DEF00870EB6 /* MainpageInteractor.swift */; };
		9E84C4A2278C9E2400870EB6 /* Alamofire in Frameworks */ = {isa = PBXBuildFile; productRef = 9E84C4A1278C9E2400870EB6 /* Alamofire */; };
		9E84C4A5278C9E3300870EB6 /* Kingfisher in Frameworks */ = {isa = PBXBuildFile; productRef = 9E84C4A4278C9E3300870EB6 /* Kingfisher */; };
		9E84C4A7278C9EE600870EB6 /* Network.swift in Sources */ = {isa = PBXBuildFile; fileRef = 9E84C4A6278C9EE600870EB6 /* Network.swift */; };
		9E84C4A9278CA47800870EB6 /* MainpageRouter.swift in Sources */ = {isa = PBXBuildFile; fileRef = 9E84C4A8278CA47800870EB6 /* MainpageRouter.swift */; };
		9E84C4AD278CAFA500870EB6 /* FoodDetailVC.swift in Sources */ = {isa = PBXBuildFile; fileRef = 9E84C4AC278CAFA500870EB6 /* FoodDetailVC.swift */; };
		9E84C4B6278CC37800870EB6 /* FoodDetailProtocols.swift in Sources */ = {isa = PBXBuildFile; fileRef = 9E84C4B5278CC37800870EB6 /* FoodDetailProtocols.swift */; };
		9E84C4B8278CC40D00870EB6 /* FoodDetailRouter.swift in Sources */ = {isa = PBXBuildFile; fileRef = 9E84C4B7278CC40D00870EB6 /* FoodDetailRouter.swift */; };
		9E84C4BA278CC41700870EB6 /* FoodDetailInteractor.swift in Sources */ = {isa = PBXBuildFile; fileRef = 9E84C4B9278CC41700870EB6 /* FoodDetailInteractor.swift */; };
		9E84C4BC278CC41E00870EB6 /* FoodDetailPresenter.swift in Sources */ = {isa = PBXBuildFile; fileRef = 9E84C4BB278CC41E00870EB6 /* FoodDetailPresenter.swift */; };
		9E84C4C6278CCAAA00870EB6 /* ShoppingCartTableViewCell.swift in Sources */ = {isa = PBXBuildFile; fileRef = 9E84C4C4278CCAAA00870EB6 /* ShoppingCartTableViewCell.swift */; };
		9E84C4C7278CCAAA00870EB6 /* ShoppingCartTableViewCell.xib in Resources */ = {isa = PBXBuildFile; fileRef = 9E84C4C5278CCAAA00870EB6 /* ShoppingCartTableViewCell.xib */; };
		9E84C4C9278CCF8E00870EB6 /* ShoppingCartVC.swift in Sources */ = {isa = PBXBuildFile; fileRef = 9E84C4C8278CCF8E00870EB6 /* ShoppingCartVC.swift */; };
		9E84C4CB278CD31700870EB6 /* ShoppingCardProtocol.swift in Sources */ = {isa = PBXBuildFile; fileRef = 9E84C4CA278CD31700870EB6 /* ShoppingCardProtocol.swift */; };
		9E84C4CD278CD44100870EB6 /* ShoppingCartRouter.swift in Sources */ = {isa = PBXBuildFile; fileRef = 9E84C4CC278CD44100870EB6 /* ShoppingCartRouter.swift */; };
		9E84C4CF278CD44B00870EB6 /* ShoppingCartInteractor.swift in Sources */ = {isa = PBXBuildFile; fileRef = 9E84C4CE278CD44B00870EB6 /* ShoppingCartInteractor.swift */; };
		9E84C4D1278CD45700870EB6 /* ShoppingCartPresenter.swift in Sources */ = {isa = PBXBuildFile; fileRef = 9E84C4D0278CD45700870EB6 /* ShoppingCartPresenter.swift */; };
		9E84C4D3278D841500870EB6 /* GetShoppingCartResponse.swift in Sources */ = {isa = PBXBuildFile; fileRef = 9E84C4D2278D841500870EB6 /* GetShoppingCartResponse.swift */; };
		9E84C4D7278D87C100870EB6 /* AddFoodToShoppingCardRequest.swift in Sources */ = {isa = PBXBuildFile; fileRef = 9E84C4D6278D87C100870EB6 /* AddFoodToShoppingCardRequest.swift */; };
		9E84C4DA278D8BB700870EB6 /* AddFoodMapper.swift in Sources */ = {isa = PBXBuildFile; fileRef = 9E84C4D9278D8BB700870EB6 /* AddFoodMapper.swift */; };
		9E84C4DC278D9F2B00870EB6 /* DeleteFoodRequest.swift in Sources */ = {isa = PBXBuildFile; fileRef = 9E84C4DB278D9F2B00870EB6 /* DeleteFoodRequest.swift */; };
		9E84C4DE278DE56000870EB6 /* DeleteFoodMapper.swift in Sources */ = {isa = PBXBuildFile; fileRef = 9E84C4DD278DE56000870EB6 /* DeleteFoodMapper.swift */; };
		9E9AD0A0278AD900003E469A /* UIView+drawRoundedEdge.swift in Sources */ = {isa = PBXBuildFile; fileRef = 9E9AD09F278AD900003E469A /* UIView+drawRoundedEdge.swift */; };
		9E9AD0A5278ADFE8003E469A /* String+index.swift in Sources */ = {isa = PBXBuildFile; fileRef = 9E9AD0A4278ADFE8003E469A /* String+index.swift */; };
		9E9AD0A9278AED54003E469A /* LoginVC.swift in Sources */ = {isa = PBXBuildFile; fileRef = 9E9AD0A8278AED54003E469A /* LoginVC.swift */; };
		9E9AD0AB278AF0CA003E469A /* UIView+makeCircular.swift in Sources */ = {isa = PBXBuildFile; fileRef = 9E9AD0AA278AF0CA003E469A /* UIView+makeCircular.swift */; };
		9E9B996E278AD5E900C16586 /* AppDelegate.swift in Sources */ = {isa = PBXBuildFile; fileRef = 9E9B996D278AD5E900C16586 /* AppDelegate.swift */; };
		9E9B9970278AD5E900C16586 /* SceneDelegate.swift in Sources */ = {isa = PBXBuildFile; fileRef = 9E9B996F278AD5E900C16586 /* SceneDelegate.swift */; };
		9E9B9975278AD5E900C16586 /* Main.storyboard in Resources */ = {isa = PBXBuildFile; fileRef = 9E9B9973278AD5E900C16586 /* Main.storyboard */; };
		9E9B9978278AD5E900C16586 /* FoodBank.xcdatamodeld in Sources */ = {isa = PBXBuildFile; fileRef = 9E9B9976278AD5E900C16586 /* FoodBank.xcdatamodeld */; };
		9E9B997A278AD5EB00C16586 /* Assets.xcassets in Resources */ = {isa = PBXBuildFile; fileRef = 9E9B9979278AD5EB00C16586 /* Assets.xcassets */; };
		9E9B997D278AD5EB00C16586 /* LaunchScreen.storyboard in Resources */ = {isa = PBXBuildFile; fileRef = 9E9B997B278AD5EB00C16586 /* LaunchScreen.storyboard */; };
		9E9B9988278AD5EB00C16586 /* FoodBankTests.swift in Sources */ = {isa = PBXBuildFile; fileRef = 9E9B9987278AD5EB00C16586 /* FoodBankTests.swift */; };
		9E9B9992278AD5EB00C16586 /* FoodBankUITests.swift in Sources */ = {isa = PBXBuildFile; fileRef = 9E9B9991278AD5EB00C16586 /* FoodBankUITests.swift */; };
		9E9B9994278AD5EB00C16586 /* FoodBankUITestsLaunchTests.swift in Sources */ = {isa = PBXBuildFile; fileRef = 9E9B9993278AD5EB00C16586 /* FoodBankUITestsLaunchTests.swift */; };
		9E9B99A3278AD76E00C16586 /* SplashScreenVC.swift in Sources */ = {isa = PBXBuildFile; fileRef = 9E9B99A2278AD76E00C16586 /* SplashScreenVC.swift */; };
		9ED29448278EFF1800704A82 /* AddSplashScreenVC.swift in Sources */ = {isa = PBXBuildFile; fileRef = 9ED29447278EFF1800704A82 /* AddSplashScreenVC.swift */; };
		9ED2944A278F006700704A82 /* AddType.swift in Sources */ = {isa = PBXBuildFile; fileRef = 9ED29449278F006700704A82 /* AddType.swift */; };
		9ED2944E278F14C900704A82 /* AddCardVC.swift in Sources */ = {isa = PBXBuildFile; fileRef = 9ED2944D278F14C900704A82 /* AddCardVC.swift */; };
		9ED29454278F74B700704A82 /* AddCardProtocols.swift in Sources */ = {isa = PBXBuildFile; fileRef = 9ED29453278F74B700704A82 /* AddCardProtocols.swift */; };
		9ED29456278F74EB00704A82 /* CreditCard.swift in Sources */ = {isa = PBXBuildFile; fileRef = 9ED29455278F74EB00704A82 /* CreditCard.swift */; };
		9ED29458278F759800704A82 /* AddCardRouter.swift in Sources */ = {isa = PBXBuildFile; fileRef = 9ED29457278F759800704A82 /* AddCardRouter.swift */; };
		9ED2945A278F75BB00704A82 /* AddCardPresenter.swift in Sources */ = {isa = PBXBuildFile; fileRef = 9ED29459278F75BB00704A82 /* AddCardPresenter.swift */; };
		9ED2945C278F760B00704A82 /* AddCardInteractor.swift in Sources */ = {isa = PBXBuildFile; fileRef = 9ED2945B278F760B00704A82 /* AddCardInteractor.swift */; };
		9ED29463278F7AA400704A82 /* ChooseCreditCardVC.swift in Sources */ = {isa = PBXBuildFile; fileRef = 9ED29462278F7AA400704A82 /* ChooseCreditCardVC.swift */; };
		9ED29465278F7EB100704A82 /* ChooseCreditCardProtocols.swift in Sources */ = {isa = PBXBuildFile; fileRef = 9ED29464278F7EB100704A82 /* ChooseCreditCardProtocols.swift */; };
		9ED29467278F7F8600704A82 /* ChooseCreditCardRouter.swift in Sources */ = {isa = PBXBuildFile; fileRef = 9ED29466278F7F8600704A82 /* ChooseCreditCardRouter.swift */; };
		9ED29469278F7F9100704A82 /* ChooseCreditCardInteractor.swift in Sources */ = {isa = PBXBuildFile; fileRef = 9ED29468278F7F9100704A82 /* ChooseCreditCardInteractor.swift */; };
		9ED2946B278F7F9F00704A82 /* ChooseCreditCardPresenter.swift in Sources */ = {isa = PBXBuildFile; fileRef = 9ED2946A278F7F9F00704A82 /* ChooseCreditCardPresenter.swift */; };
		9ED2946F278F819800704A82 /* ChooseCreditCardTableViewCell.swift in Sources */ = {isa = PBXBuildFile; fileRef = 9ED2946D278F819800704A82 /* ChooseCreditCardTableViewCell.swift */; };
		9ED29470278F819800704A82 /* ChooseCreditCardTableViewCell.xib in Resources */ = {isa = PBXBuildFile; fileRef = 9ED2946E278F819800704A82 /* ChooseCreditCardTableViewCell.xib */; };
		9ED29475278F8F7C00704A82 /* PurchaseMadeVC.swift in Sources */ = {isa = PBXBuildFile; fileRef = 9ED29474278F8F7C00704A82 /* PurchaseMadeVC.swift */; };
		9ED29478278F914400704A82 /* Lottie in Frameworks */ = {isa = PBXBuildFile; productRef = 9ED29477278F914400704A82 /* Lottie */; };
		9ED2947D278F918200704A82 /* motorbike.json in Resources */ = {isa = PBXBuildFile; fileRef = 9ED2947B278F918200704A82 /* motorbike.json */; };
		9ED2947F278F931600704A82 /* purchase-made.json in Resources */ = {isa = PBXBuildFile; fileRef = 9ED2947E278F931600704A82 /* purchase-made.json */; };
		9ED29484278FA48100704A82 /* UIViewController+changeBarColor.swift in Sources */ = {isa = PBXBuildFile; fileRef = 9ED29483278FA48100704A82 /* UIViewController+changeBarColor.swift */; };
/* End PBXBuildFile section */

/* Begin PBXContainerItemProxy section */
		9E9B9984278AD5EB00C16586 /* PBXContainerItemProxy */ = {
			isa = PBXContainerItemProxy;
			containerPortal = 9E9B9962278AD5E900C16586 /* Project object */;
			proxyType = 1;
			remoteGlobalIDString = 9E9B9969278AD5E900C16586;
			remoteInfo = FoodBank;
		};
		9E9B998E278AD5EB00C16586 /* PBXContainerItemProxy */ = {
			isa = PBXContainerItemProxy;
			containerPortal = 9E9B9962278AD5E900C16586 /* Project object */;
			proxyType = 1;
			remoteGlobalIDString = 9E9B9969278AD5E900C16586;
			remoteInfo = FoodBank;
		};
/* End PBXContainerItemProxy section */

/* Begin PBXFileReference section */
		9E1530CF278EDED3009CDBDB /* String+filterFoods.swift */ = {isa = PBXFileReference; lastKnownFileType = sourcecode.swift; path = "String+filterFoods.swift"; sourceTree = "<group>"; };
		9E327D55278E0CF000356646 /* FoodListCollectionViewCell.swift */ = {isa = PBXFileReference; lastKnownFileType = sourcecode.swift; path = FoodListCollectionViewCell.swift; sourceTree = "<group>"; };
		9E327D56278E0CF000356646 /* FoodListCollectionViewCell.xib */ = {isa = PBXFileReference; lastKnownFileType = file.xib; path = FoodListCollectionViewCell.xib; sourceTree = "<group>"; };
		9E327D59278E0EC100356646 /* FoodListVC.swift */ = {isa = PBXFileReference; lastKnownFileType = sourcecode.swift; path = FoodListVC.swift; sourceTree = "<group>"; };
		9E327D5B278E0F6F00356646 /* FoodListProtocols.swift */ = {isa = PBXFileReference; lastKnownFileType = sourcecode.swift; path = FoodListProtocols.swift; sourceTree = "<group>"; };
		9E327D5D278E0FC100356646 /* FoodListRouter.swift */ = {isa = PBXFileReference; lastKnownFileType = sourcecode.swift; path = FoodListRouter.swift; sourceTree = "<group>"; };
		9E327D5F278E0FE500356646 /* FoodListInteractor.swift */ = {isa = PBXFileReference; lastKnownFileType = sourcecode.swift; path = FoodListInteractor.swift; sourceTree = "<group>"; };
		9E327D61278E100500356646 /* FoodListPresenter.swift */ = {isa = PBXFileReference; lastKnownFileType = sourcecode.swift; path = FoodListPresenter.swift; sourceTree = "<group>"; };
		9E327D64278E12B200356646 /* FoodListFilter.swift */ = {isa = PBXFileReference; lastKnownFileType = sourcecode.swift; path = FoodListFilter.swift; sourceTree = "<group>"; };
		9E84C459278B5DA400870EB6 /* UIButton+reshape.swift */ = {isa = PBXFileReference; lastKnownFileType = sourcecode.swift; path = "UIButton+reshape.swift"; sourceTree = "<group>"; };
		9E84C45C278B5FD300870EB6 /* UITextField+cornerShape.swift */ = {isa = PBXFileReference; lastKnownFileType = sourcecode.swift; path = "UITextField+cornerShape.swift"; sourceTree = "<group>"; };
		9E84C45E278B637700870EB6 /* UIButton+turnButton.swift */ = {isa = PBXFileReference; lastKnownFileType = sourcecode.swift; path = "UIButton+turnButton.swift"; sourceTree = "<group>"; };
		9E84C461278B72A900870EB6 /* Diaglog.swift */ = {isa = PBXFileReference; lastKnownFileType = sourcecode.swift; path = Diaglog.swift; sourceTree = "<group>"; };
		9E84C465278B7CAB00870EB6 /* MainpageVC.swift */ = {isa = PBXFileReference; lastKnownFileType = sourcecode.swift; path = MainpageVC.swift; sourceTree = "<group>"; };
		9E84C468278B7F1600870EB6 /* Constants.swift */ = {isa = PBXFileReference; lastKnownFileType = sourcecode.swift; path = Constants.swift; sourceTree = "<group>"; };
		9E84C46E278C5FAB00870EB6 /* LoginPageProtocols.swift */ = {isa = PBXFileReference; lastKnownFileType = sourcecode.swift; path = LoginPageProtocols.swift; sourceTree = "<group>"; };
		9E84C470278C604A00870EB6 /* LoginPagePresenter.swift */ = {isa = PBXFileReference; lastKnownFileType = sourcecode.swift; path = LoginPagePresenter.swift; sourceTree = "<group>"; };
		9E84C472278C607300870EB6 /* LoginPageInteractor.swift */ = {isa = PBXFileReference; lastKnownFileType = sourcecode.swift; path = LoginPageInteractor.swift; sourceTree = "<group>"; };
		9E84C474278C60AF00870EB6 /* LoginPageRouter.swift */ = {isa = PBXFileReference; lastKnownFileType = sourcecode.swift; path = LoginPageRouter.swift; sourceTree = "<group>"; };
		9E84C47C278C618D00870EB6 /* HeaderTableViewCell.swift */ = {isa = PBXFileReference; lastKnownFileType = sourcecode.swift; path = HeaderTableViewCell.swift; sourceTree = "<group>"; };
		9E84C47D278C618E00870EB6 /* HeaderTableViewCell.xib */ = {isa = PBXFileReference; lastKnownFileType = file.xib; path = HeaderTableViewCell.xib; sourceTree = "<group>"; };
		9E84C481278C65AE00870EB6 /* CategoryWrapperTableViewCell.swift */ = {isa = PBXFileReference; lastKnownFileType = sourcecode.swift; path = CategoryWrapperTableViewCell.swift; sourceTree = "<group>"; };
		9E84C482278C65AE00870EB6 /* CategoryWrapperTableViewCell.xib */ = {isa = PBXFileReference; lastKnownFileType = file.xib; path = CategoryWrapperTableViewCell.xib; sourceTree = "<group>"; };
		9E84C486278C661F00870EB6 /* CategoryCollectionViewCell.swift */ = {isa = PBXFileReference; lastKnownFileType = sourcecode.swift; path = CategoryCollectionViewCell.swift; sourceTree = "<group>"; };
		9E84C487278C661F00870EB6 /* CategoryCollectionViewCell.xib */ = {isa = PBXFileReference; lastKnownFileType = file.xib; path = CategoryCollectionViewCell.xib; sourceTree = "<group>"; };
		9E84C48A278C677400870EB6 /* ProductTableViewCell.swift */ = {isa = PBXFileReference; lastKnownFileType = sourcecode.swift; path = ProductTableViewCell.swift; sourceTree = "<group>"; };
		9E84C48B278C677400870EB6 /* ProductTableViewCell.xib */ = {isa = PBXFileReference; lastKnownFileType = file.xib; path = ProductTableViewCell.xib; sourceTree = "<group>"; };
		9E84C48F278C6D6500870EB6 /* Category.swift */ = {isa = PBXFileReference; lastKnownFileType = sourcecode.swift; path = Category.swift; sourceTree = "<group>"; };
		9E84C498278C7C9F00870EB6 /* GetFoodResponse.swift */ = {isa = PBXFileReference; lastKnownFileType = sourcecode.swift; path = GetFoodResponse.swift; sourceTree = "<group>"; };
		9E84C49A278C914300870EB6 /* MainpageProtocols.swift */ = {isa = PBXFileReference; lastKnownFileType = sourcecode.swift; path = MainpageProtocols.swift; sourceTree = "<group>"; };
		9E84C49C278C9A9F00870EB6 /* MainpagePresenter.swift */ = {isa = PBXFileReference; lastKnownFileType = sourcecode.swift; path = MainpagePresenter.swift; sourceTree = "<group>"; };
		9E84C49E278C9DEF00870EB6 /* MainpageInteractor.swift */ = {isa = PBXFileReference; lastKnownFileType = sourcecode.swift; path = MainpageInteractor.swift; sourceTree = "<group>"; };
		9E84C4A6278C9EE600870EB6 /* Network.swift */ = {isa = PBXFileReference; lastKnownFileType = sourcecode.swift; path = Network.swift; sourceTree = "<group>"; };
		9E84C4A8278CA47800870EB6 /* MainpageRouter.swift */ = {isa = PBXFileReference; lastKnownFileType = sourcecode.swift; path = MainpageRouter.swift; sourceTree = "<group>"; };
		9E84C4AC278CAFA500870EB6 /* FoodDetailVC.swift */ = {isa = PBXFileReference; lastKnownFileType = sourcecode.swift; path = FoodDetailVC.swift; sourceTree = "<group>"; };
		9E84C4B5278CC37800870EB6 /* FoodDetailProtocols.swift */ = {isa = PBXFileReference; lastKnownFileType = sourcecode.swift; path = FoodDetailProtocols.swift; sourceTree = "<group>"; };
		9E84C4B7278CC40D00870EB6 /* FoodDetailRouter.swift */ = {isa = PBXFileReference; lastKnownFileType = sourcecode.swift; path = FoodDetailRouter.swift; sourceTree = "<group>"; };
		9E84C4B9278CC41700870EB6 /* FoodDetailInteractor.swift */ = {isa = PBXFileReference; lastKnownFileType = sourcecode.swift; path = FoodDetailInteractor.swift; sourceTree = "<group>"; };
		9E84C4BB278CC41E00870EB6 /* FoodDetailPresenter.swift */ = {isa = PBXFileReference; lastKnownFileType = sourcecode.swift; path = FoodDetailPresenter.swift; sourceTree = "<group>"; };
		9E84C4C4278CCAAA00870EB6 /* ShoppingCartTableViewCell.swift */ = {isa = PBXFileReference; lastKnownFileType = sourcecode.swift; path = ShoppingCartTableViewCell.swift; sourceTree = "<group>"; };
		9E84C4C5278CCAAA00870EB6 /* ShoppingCartTableViewCell.xib */ = {isa = PBXFileReference; lastKnownFileType = file.xib; path = ShoppingCartTableViewCell.xib; sourceTree = "<group>"; };
		9E84C4C8278CCF8E00870EB6 /* ShoppingCartVC.swift */ = {isa = PBXFileReference; lastKnownFileType = sourcecode.swift; path = ShoppingCartVC.swift; sourceTree = "<group>"; };
		9E84C4CA278CD31700870EB6 /* ShoppingCardProtocol.swift */ = {isa = PBXFileReference; lastKnownFileType = sourcecode.swift; path = ShoppingCardProtocol.swift; sourceTree = "<group>"; };
		9E84C4CC278CD44100870EB6 /* ShoppingCartRouter.swift */ = {isa = PBXFileReference; lastKnownFileType = sourcecode.swift; path = ShoppingCartRouter.swift; sourceTree = "<group>"; };
		9E84C4CE278CD44B00870EB6 /* ShoppingCartInteractor.swift */ = {isa = PBXFileReference; lastKnownFileType = sourcecode.swift; path = ShoppingCartInteractor.swift; sourceTree = "<group>"; };
		9E84C4D0278CD45700870EB6 /* ShoppingCartPresenter.swift */ = {isa = PBXFileReference; lastKnownFileType = sourcecode.swift; path = ShoppingCartPresenter.swift; sourceTree = "<group>"; };
		9E84C4D2278D841500870EB6 /* GetShoppingCartResponse.swift */ = {isa = PBXFileReference; lastKnownFileType = sourcecode.swift; path = GetShoppingCartResponse.swift; sourceTree = "<group>"; };
		9E84C4D6278D87C100870EB6 /* AddFoodToShoppingCardRequest.swift */ = {isa = PBXFileReference; lastKnownFileType = sourcecode.swift; path = AddFoodToShoppingCardRequest.swift; sourceTree = "<group>"; };
		9E84C4D9278D8BB700870EB6 /* AddFoodMapper.swift */ = {isa = PBXFileReference; lastKnownFileType = sourcecode.swift; path = AddFoodMapper.swift; sourceTree = "<group>"; };
		9E84C4DB278D9F2B00870EB6 /* DeleteFoodRequest.swift */ = {isa = PBXFileReference; lastKnownFileType = sourcecode.swift; path = DeleteFoodRequest.swift; sourceTree = "<group>"; };
		9E84C4DD278DE56000870EB6 /* DeleteFoodMapper.swift */ = {isa = PBXFileReference; lastKnownFileType = sourcecode.swift; path = DeleteFoodMapper.swift; sourceTree = "<group>"; };
		9E9AD09F278AD900003E469A /* UIView+drawRoundedEdge.swift */ = {isa = PBXFileReference; lastKnownFileType = sourcecode.swift; path = "UIView+drawRoundedEdge.swift"; sourceTree = "<group>"; };
		9E9AD0A1278ADADA003E469A /* tr */ = {isa = PBXFileReference; lastKnownFileType = text.plist.strings; name = tr; path = tr.lproj/Main.strings; sourceTree = "<group>"; };
		9E9AD0A2278ADADB003E469A /* tr */ = {isa = PBXFileReference; lastKnownFileType = text.plist.strings; name = tr; path = tr.lproj/LaunchScreen.strings; sourceTree = "<group>"; };
		9E9AD0A4278ADFE8003E469A /* String+index.swift */ = {isa = PBXFileReference; lastKnownFileType = sourcecode.swift; path = "String+index.swift"; sourceTree = "<group>"; };
		9E9AD0A8278AED54003E469A /* LoginVC.swift */ = {isa = PBXFileReference; lastKnownFileType = sourcecode.swift; path = LoginVC.swift; sourceTree = "<group>"; };
		9E9AD0AA278AF0CA003E469A /* UIView+makeCircular.swift */ = {isa = PBXFileReference; lastKnownFileType = sourcecode.swift; path = "UIView+makeCircular.swift"; sourceTree = "<group>"; };
		9E9B996A278AD5E900C16586 /* FoodBank.app */ = {isa = PBXFileReference; explicitFileType = wrapper.application; includeInIndex = 0; path = FoodBank.app; sourceTree = BUILT_PRODUCTS_DIR; };
		9E9B996D278AD5E900C16586 /* AppDelegate.swift */ = {isa = PBXFileReference; lastKnownFileType = sourcecode.swift; path = AppDelegate.swift; sourceTree = "<group>"; };
		9E9B996F278AD5E900C16586 /* SceneDelegate.swift */ = {isa = PBXFileReference; lastKnownFileType = sourcecode.swift; path = SceneDelegate.swift; sourceTree = "<group>"; };
		9E9B9974278AD5E900C16586 /* Base */ = {isa = PBXFileReference; lastKnownFileType = file.storyboard; name = Base; path = Base.lproj/Main.storyboard; sourceTree = "<group>"; };
		9E9B9977278AD5E900C16586 /* FoodBank.xcdatamodel */ = {isa = PBXFileReference; lastKnownFileType = wrapper.xcdatamodel; path = FoodBank.xcdatamodel; sourceTree = "<group>"; };
		9E9B9979278AD5EB00C16586 /* Assets.xcassets */ = {isa = PBXFileReference; lastKnownFileType = folder.assetcatalog; path = Assets.xcassets; sourceTree = "<group>"; };
		9E9B997C278AD5EB00C16586 /* Base */ = {isa = PBXFileReference; lastKnownFileType = file.storyboard; name = Base; path = Base.lproj/LaunchScreen.storyboard; sourceTree = "<group>"; };
		9E9B997E278AD5EB00C16586 /* Info.plist */ = {isa = PBXFileReference; lastKnownFileType = text.plist.xml; path = Info.plist; sourceTree = "<group>"; };
		9E9B9983278AD5EB00C16586 /* FoodBankTests.xctest */ = {isa = PBXFileReference; explicitFileType = wrapper.cfbundle; includeInIndex = 0; path = FoodBankTests.xctest; sourceTree = BUILT_PRODUCTS_DIR; };
		9E9B9987278AD5EB00C16586 /* FoodBankTests.swift */ = {isa = PBXFileReference; lastKnownFileType = sourcecode.swift; path = FoodBankTests.swift; sourceTree = "<group>"; };
		9E9B998D278AD5EB00C16586 /* FoodBankUITests.xctest */ = {isa = PBXFileReference; explicitFileType = wrapper.cfbundle; includeInIndex = 0; path = FoodBankUITests.xctest; sourceTree = BUILT_PRODUCTS_DIR; };
		9E9B9991278AD5EB00C16586 /* FoodBankUITests.swift */ = {isa = PBXFileReference; lastKnownFileType = sourcecode.swift; path = FoodBankUITests.swift; sourceTree = "<group>"; };
		9E9B9993278AD5EB00C16586 /* FoodBankUITestsLaunchTests.swift */ = {isa = PBXFileReference; lastKnownFileType = sourcecode.swift; path = FoodBankUITestsLaunchTests.swift; sourceTree = "<group>"; };
		9E9B99A2278AD76E00C16586 /* SplashScreenVC.swift */ = {isa = PBXFileReference; lastKnownFileType = sourcecode.swift; path = SplashScreenVC.swift; sourceTree = "<group>"; };
		9ED29447278EFF1800704A82 /* AddSplashScreenVC.swift */ = {isa = PBXFileReference; lastKnownFileType = sourcecode.swift; path = AddSplashScreenVC.swift; sourceTree = "<group>"; };
		9ED29449278F006700704A82 /* AddType.swift */ = {isa = PBXFileReference; lastKnownFileType = sourcecode.swift; path = AddType.swift; sourceTree = "<group>"; };
		9ED2944D278F14C900704A82 /* AddCardVC.swift */ = {isa = PBXFileReference; lastKnownFileType = sourcecode.swift; path = AddCardVC.swift; sourceTree = "<group>"; };
		9ED29453278F74B700704A82 /* AddCardProtocols.swift */ = {isa = PBXFileReference; lastKnownFileType = sourcecode.swift; path = AddCardProtocols.swift; sourceTree = "<group>"; };
		9ED29455278F74EB00704A82 /* CreditCard.swift */ = {isa = PBXFileReference; lastKnownFileType = sourcecode.swift; path = CreditCard.swift; sourceTree = "<group>"; };
		9ED29457278F759800704A82 /* AddCardRouter.swift */ = {isa = PBXFileReference; lastKnownFileType = sourcecode.swift; path = AddCardRouter.swift; sourceTree = "<group>"; };
		9ED29459278F75BB00704A82 /* AddCardPresenter.swift */ = {isa = PBXFileReference; lastKnownFileType = sourcecode.swift; path = AddCardPresenter.swift; sourceTree = "<group>"; };
		9ED2945B278F760B00704A82 /* AddCardInteractor.swift */ = {isa = PBXFileReference; lastKnownFileType = sourcecode.swift; path = AddCardInteractor.swift; sourceTree = "<group>"; };
		9ED29462278F7AA400704A82 /* ChooseCreditCardVC.swift */ = {isa = PBXFileReference; lastKnownFileType = sourcecode.swift; path = ChooseCreditCardVC.swift; sourceTree = "<group>"; };
		9ED29464278F7EB100704A82 /* ChooseCreditCardProtocols.swift */ = {isa = PBXFileReference; lastKnownFileType = sourcecode.swift; path = ChooseCreditCardProtocols.swift; sourceTree = "<group>"; };
		9ED29466278F7F8600704A82 /* ChooseCreditCardRouter.swift */ = {isa = PBXFileReference; lastKnownFileType = sourcecode.swift; path = ChooseCreditCardRouter.swift; sourceTree = "<group>"; };
		9ED29468278F7F9100704A82 /* ChooseCreditCardInteractor.swift */ = {isa = PBXFileReference; lastKnownFileType = sourcecode.swift; path = ChooseCreditCardInteractor.swift; sourceTree = "<group>"; };
		9ED2946A278F7F9F00704A82 /* ChooseCreditCardPresenter.swift */ = {isa = PBXFileReference; lastKnownFileType = sourcecode.swift; path = ChooseCreditCardPresenter.swift; sourceTree = "<group>"; };
		9ED2946D278F819800704A82 /* ChooseCreditCardTableViewCell.swift */ = {isa = PBXFileReference; lastKnownFileType = sourcecode.swift; path = ChooseCreditCardTableViewCell.swift; sourceTree = "<group>"; };
		9ED2946E278F819800704A82 /* ChooseCreditCardTableViewCell.xib */ = {isa = PBXFileReference; lastKnownFileType = file.xib; path = ChooseCreditCardTableViewCell.xib; sourceTree = "<group>"; };
		9ED29474278F8F7C00704A82 /* PurchaseMadeVC.swift */ = {isa = PBXFileReference; lastKnownFileType = sourcecode.swift; path = PurchaseMadeVC.swift; sourceTree = "<group>"; };
		9ED2947B278F918200704A82 /* motorbike.json */ = {isa = PBXFileReference; fileEncoding = 4; lastKnownFileType = text.json; path = motorbike.json; sourceTree = "<group>"; };
		9ED2947E278F931600704A82 /* purchase-made.json */ = {isa = PBXFileReference; fileEncoding = 4; lastKnownFileType = text.json; path = "purchase-made.json"; sourceTree = "<group>"; };
		9ED29483278FA48100704A82 /* UIViewController+changeBarColor.swift */ = {isa = PBXFileReference; lastKnownFileType = sourcecode.swift; path = "UIViewController+changeBarColor.swift"; sourceTree = "<group>"; };
/* End PBXFileReference section */

/* Begin PBXFrameworksBuildPhase section */
		9E9B9967278AD5E900C16586 /* Frameworks */ = {
			isa = PBXFrameworksBuildPhase;
			buildActionMask = 2147483647;
			files = (
				9E84C4A5278C9E3300870EB6 /* Kingfisher in Frameworks */,
				9E84C4A2278C9E2400870EB6 /* Alamofire in Frameworks */,
				9ED29478278F914400704A82 /* Lottie in Frameworks */,
			);
			runOnlyForDeploymentPostprocessing = 0;
		};
		9E9B9980278AD5EB00C16586 /* Frameworks */ = {
			isa = PBXFrameworksBuildPhase;
			buildActionMask = 2147483647;
			files = (
			);
			runOnlyForDeploymentPostprocessing = 0;
		};
		9E9B998A278AD5EB00C16586 /* Frameworks */ = {
			isa = PBXFrameworksBuildPhase;
			buildActionMask = 2147483647;
			files = (
			);
			runOnlyForDeploymentPostprocessing = 0;
		};
/* End PBXFrameworksBuildPhase section */

/* Begin PBXGroup section */
		9E327D4E278E0CAB00356646 /* foodlist-module */ = {
			isa = PBXGroup;
			children = (
				9E327D54278E0CD800356646 /* cell */,
				9E327D53278E0CD000356646 /* protocols */,
				9E327D52278E0CCA00356646 /* router */,
				9E327D51278E0CC500356646 /* interactor */,
				9E327D50278E0CBF00356646 /* presenter */,
				9E327D4F278E0CBB00356646 /* view */,
			);
			path = "foodlist-module";
			sourceTree = "<group>";
		};
		9E327D4F278E0CBB00356646 /* view */ = {
			isa = PBXGroup;
			children = (
				9E327D59278E0EC100356646 /* FoodListVC.swift */,
			);
			path = view;
			sourceTree = "<group>";
		};
		9E327D50278E0CBF00356646 /* presenter */ = {
			isa = PBXGroup;
			children = (
				9E327D61278E100500356646 /* FoodListPresenter.swift */,
			);
			path = presenter;
			sourceTree = "<group>";
		};
		9E327D51278E0CC500356646 /* interactor */ = {
			isa = PBXGroup;
			children = (
				9E327D5F278E0FE500356646 /* FoodListInteractor.swift */,
			);
			path = interactor;
			sourceTree = "<group>";
		};
		9E327D52278E0CCA00356646 /* router */ = {
			isa = PBXGroup;
			children = (
				9E327D5D278E0FC100356646 /* FoodListRouter.swift */,
			);
			path = router;
			sourceTree = "<group>";
		};
		9E327D53278E0CD000356646 /* protocols */ = {
			isa = PBXGroup;
			children = (
				9E327D5B278E0F6F00356646 /* FoodListProtocols.swift */,
			);
			path = protocols;
			sourceTree = "<group>";
		};
		9E327D54278E0CD800356646 /* cell */ = {
			isa = PBXGroup;
			children = (
				9E327D55278E0CF000356646 /* FoodListCollectionViewCell.swift */,
				9E327D56278E0CF000356646 /* FoodListCollectionViewCell.xib */,
			);
			path = cell;
			sourceTree = "<group>";
		};
		9E327D63278E12A300356646 /* enum */ = {
			isa = PBXGroup;
			children = (
				9E327D64278E12B200356646 /* FoodListFilter.swift */,
				9ED29449278F006700704A82 /* AddType.swift */,
			);
			path = enum;
			sourceTree = "<group>";
		};
		9E84C458278B5D9100870EB6 /* UIButton */ = {
			isa = PBXGroup;
			children = (
				9E84C459278B5DA400870EB6 /* UIButton+reshape.swift */,
				9E84C45E278B637700870EB6 /* UIButton+turnButton.swift */,
			);
			path = UIButton;
			sourceTree = "<group>";
		};
		9E84C45B278B5FBC00870EB6 /* UITextField */ = {
			isa = PBXGroup;
			children = (
				9E84C45C278B5FD300870EB6 /* UITextField+cornerShape.swift */,
			);
			path = UITextField;
			sourceTree = "<group>";
		};
		9E84C460278B729900870EB6 /* Dialog */ = {
			isa = PBXGroup;
			children = (
				9E84C461278B72A900870EB6 /* Diaglog.swift */,
			);
			path = Dialog;
			sourceTree = "<group>";
		};
		9E84C463278B7C9A00870EB6 /* mainpage-module */ = {
			isa = PBXGroup;
			children = (
				9E84C496278C7BAA00870EB6 /* router */,
				9E84C495278C7BA300870EB6 /* protocols */,
				9E84C494278C7B9C00870EB6 /* interactor */,
				9E84C493278C7B9700870EB6 /* presenter */,
				9E84C476278C610200870EB6 /* cell */,
				9E84C464278B7CA200870EB6 /* view */,
			);
			path = "mainpage-module";
			sourceTree = "<group>";
		};
		9E84C464278B7CA200870EB6 /* view */ = {
			isa = PBXGroup;
			children = (
				9E84C465278B7CAB00870EB6 /* MainpageVC.swift */,
			);
			path = view;
			sourceTree = "<group>";
		};
		9E84C467278B7F0900870EB6 /* Constants */ = {
			isa = PBXGroup;
			children = (
				9E84C468278B7F1600870EB6 /* Constants.swift */,
				9E84C4A6278C9EE600870EB6 /* Network.swift */,
			);
			path = Constants;
			sourceTree = "<group>";
		};
		9E84C46A278C5F7E00870EB6 /* presenter */ = {
			isa = PBXGroup;
			children = (
				9E84C470278C604A00870EB6 /* LoginPagePresenter.swift */,
			);
			path = presenter;
			sourceTree = "<group>";
		};
		9E84C46B278C5F8300870EB6 /* interactor */ = {
			isa = PBXGroup;
			children = (
				9E84C472278C607300870EB6 /* LoginPageInteractor.swift */,
			);
			path = interactor;
			sourceTree = "<group>";
		};
		9E84C46C278C5F8C00870EB6 /* router */ = {
			isa = PBXGroup;
			children = (
				9E84C474278C60AF00870EB6 /* LoginPageRouter.swift */,
			);
			path = router;
			sourceTree = "<group>";
		};
		9E84C46D278C5F9000870EB6 /* protocols */ = {
			isa = PBXGroup;
			children = (
				9E84C46E278C5FAB00870EB6 /* LoginPageProtocols.swift */,
			);
			path = protocols;
			sourceTree = "<group>";
		};
		9E84C476278C610200870EB6 /* cell */ = {
			isa = PBXGroup;
			children = (
				9E84C478278C611300870EB6 /* dynamic */,
				9E84C477278C610E00870EB6 /* static */,
			);
			path = cell;
			sourceTree = "<group>";
		};
		9E84C477278C610E00870EB6 /* static */ = {
			isa = PBXGroup;
			children = (
				9E84C47A278C612400870EB6 /* categorycell */,
				9E84C479278C611800870EB6 /* headercell */,
			);
			path = static;
			sourceTree = "<group>";
		};
		9E84C478278C611300870EB6 /* dynamic */ = {
			isa = PBXGroup;
			children = (
				9E84C47B278C612A00870EB6 /* productcell */,
			);
			path = dynamic;
			sourceTree = "<group>";
		};
		9E84C479278C611800870EB6 /* headercell */ = {
			isa = PBXGroup;
			children = (
				9E84C47C278C618D00870EB6 /* HeaderTableViewCell.swift */,
				9E84C47D278C618E00870EB6 /* HeaderTableViewCell.xib */,
			);
			path = headercell;
			sourceTree = "<group>";
		};
		9E84C47A278C612400870EB6 /* categorycell */ = {
			isa = PBXGroup;
			children = (
				9E84C485278C660600870EB6 /* category */,
				9E84C480278C659700870EB6 /* wrapper */,
			);
			path = categorycell;
			sourceTree = "<group>";
		};
		9E84C47B278C612A00870EB6 /* productcell */ = {
			isa = PBXGroup;
			children = (
				9E84C48A278C677400870EB6 /* ProductTableViewCell.swift */,
				9E84C48B278C677400870EB6 /* ProductTableViewCell.xib */,
			);
			path = productcell;
			sourceTree = "<group>";
		};
		9E84C480278C659700870EB6 /* wrapper */ = {
			isa = PBXGroup;
			children = (
				9E84C481278C65AE00870EB6 /* CategoryWrapperTableViewCell.swift */,
				9E84C482278C65AE00870EB6 /* CategoryWrapperTableViewCell.xib */,
			);
			path = wrapper;
			sourceTree = "<group>";
		};
		9E84C485278C660600870EB6 /* category */ = {
			isa = PBXGroup;
			children = (
				9E84C486278C661F00870EB6 /* CategoryCollectionViewCell.swift */,
				9E84C487278C661F00870EB6 /* CategoryCollectionViewCell.xib */,
			);
			path = category;
			sourceTree = "<group>";
		};
		9E84C48E278C6D5800870EB6 /* entity */ = {
			isa = PBXGroup;
			children = (
				9E327D63278E12A300356646 /* enum */,
				9E84C4D8278D8BA600870EB6 /* mapper */,
				9E84C4D5278D87A800870EB6 /* request */,
				9E84C497278C7C9300870EB6 /* response */,
				9E84C48F278C6D6500870EB6 /* Category.swift */,
				9ED29455278F74EB00704A82 /* CreditCard.swift */,
			);
			path = entity;
			sourceTree = "<group>";
		};
		9E84C493278C7B9700870EB6 /* presenter */ = {
			isa = PBXGroup;
			children = (
				9E84C49C278C9A9F00870EB6 /* MainpagePresenter.swift */,
			);
			path = presenter;
			sourceTree = "<group>";
		};
		9E84C494278C7B9C00870EB6 /* interactor */ = {
			isa = PBXGroup;
			children = (
				9E84C49E278C9DEF00870EB6 /* MainpageInteractor.swift */,
			);
			path = interactor;
			sourceTree = "<group>";
		};
		9E84C495278C7BA300870EB6 /* protocols */ = {
			isa = PBXGroup;
			children = (
				9E84C49A278C914300870EB6 /* MainpageProtocols.swift */,
			);
			path = protocols;
			sourceTree = "<group>";
		};
		9E84C496278C7BAA00870EB6 /* router */ = {
			isa = PBXGroup;
			children = (
				9E84C4A8278CA47800870EB6 /* MainpageRouter.swift */,
			);
			path = router;
			sourceTree = "<group>";
		};
		9E84C497278C7C9300870EB6 /* response */ = {
			isa = PBXGroup;
			children = (
				9E84C498278C7C9F00870EB6 /* GetFoodResponse.swift */,
				9E84C4D2278D841500870EB6 /* GetShoppingCartResponse.swift */,
			);
			path = response;
			sourceTree = "<group>";
		};
		9E84C4AA278CAF8D00870EB6 /* fooddetail-module */ = {
			isa = PBXGroup;
			children = (
				9E84C4B4278CC33B00870EB6 /* protocols */,
				9E84C4B3278CC32E00870EB6 /* router */,
				9E84C4B2278CC32800870EB6 /* interactor */,
				9E84C4B1278CC32300870EB6 /* presenter */,
				9E84C4AB278CAF9B00870EB6 /* view */,
			);
			path = "fooddetail-module";
			sourceTree = "<group>";
		};
		9E84C4AB278CAF9B00870EB6 /* view */ = {
			isa = PBXGroup;
			children = (
				9E84C4AC278CAFA500870EB6 /* FoodDetailVC.swift */,
			);
			path = view;
			sourceTree = "<group>";
		};
		9E84C4B1278CC32300870EB6 /* presenter */ = {
			isa = PBXGroup;
			children = (
				9E84C4BB278CC41E00870EB6 /* FoodDetailPresenter.swift */,
			);
			path = presenter;
			sourceTree = "<group>";
		};
		9E84C4B2278CC32800870EB6 /* interactor */ = {
			isa = PBXGroup;
			children = (
				9E84C4B9278CC41700870EB6 /* FoodDetailInteractor.swift */,
			);
			path = interactor;
			sourceTree = "<group>";
		};
		9E84C4B3278CC32E00870EB6 /* router */ = {
			isa = PBXGroup;
			children = (
				9E84C4B7278CC40D00870EB6 /* FoodDetailRouter.swift */,
			);
			path = router;
			sourceTree = "<group>";
		};
		9E84C4B4278CC33B00870EB6 /* protocols */ = {
			isa = PBXGroup;
			children = (
				9E84C4B5278CC37800870EB6 /* FoodDetailProtocols.swift */,
			);
			path = protocols;
			sourceTree = "<group>";
		};
		9E84C4BD278CC9FC00870EB6 /* shoppingcard-module */ = {
			isa = PBXGroup;
			children = (
				9E84C4C3278CCA9200870EB6 /* cell */,
				9E84C4C2278CCA1B00870EB6 /* protocol */,
				9E84C4C1278CCA1700870EB6 /* router */,
				9E84C4C0278CCA1100870EB6 /* interactor */,
				9E84C4BF278CCA0B00870EB6 /* presenter */,
				9E84C4BE278CCA0700870EB6 /* view */,
			);
			path = "shoppingcard-module";
			sourceTree = "<group>";
		};
		9E84C4BE278CCA0700870EB6 /* view */ = {
			isa = PBXGroup;
			children = (
				9E84C4C8278CCF8E00870EB6 /* ShoppingCartVC.swift */,
			);
			path = view;
			sourceTree = "<group>";
		};
		9E84C4BF278CCA0B00870EB6 /* presenter */ = {
			isa = PBXGroup;
			children = (
				9E84C4D0278CD45700870EB6 /* ShoppingCartPresenter.swift */,
			);
			path = presenter;
			sourceTree = "<group>";
		};
		9E84C4C0278CCA1100870EB6 /* interactor */ = {
			isa = PBXGroup;
			children = (
				9E84C4CE278CD44B00870EB6 /* ShoppingCartInteractor.swift */,
			);
			path = interactor;
			sourceTree = "<group>";
		};
		9E84C4C1278CCA1700870EB6 /* router */ = {
			isa = PBXGroup;
			children = (
				9E84C4CC278CD44100870EB6 /* ShoppingCartRouter.swift */,
			);
			path = router;
			sourceTree = "<group>";
		};
		9E84C4C2278CCA1B00870EB6 /* protocol */ = {
			isa = PBXGroup;
			children = (
				9E84C4CA278CD31700870EB6 /* ShoppingCardProtocol.swift */,
			);
			path = protocol;
			sourceTree = "<group>";
		};
		9E84C4C3278CCA9200870EB6 /* cell */ = {
			isa = PBXGroup;
			children = (
				9E84C4C4278CCAAA00870EB6 /* ShoppingCartTableViewCell.swift */,
				9E84C4C5278CCAAA00870EB6 /* ShoppingCartTableViewCell.xib */,
			);
			path = cell;
			sourceTree = "<group>";
		};
		9E84C4D5278D87A800870EB6 /* request */ = {
			isa = PBXGroup;
			children = (
				9E84C4D6278D87C100870EB6 /* AddFoodToShoppingCardRequest.swift */,
				9E84C4DB278D9F2B00870EB6 /* DeleteFoodRequest.swift */,
			);
			path = request;
			sourceTree = "<group>";
		};
		9E84C4D8278D8BA600870EB6 /* mapper */ = {
			isa = PBXGroup;
			children = (
				9E84C4D9278D8BB700870EB6 /* AddFoodMapper.swift */,
				9E84C4DD278DE56000870EB6 /* DeleteFoodMapper.swift */,
			);
			path = mapper;
			sourceTree = "<group>";
		};
		9E9AD09A278AD8D0003E469A /* helper */ = {
			isa = PBXGroup;
			children = (
				9ED29482278FA46900704A82 /* UIViewController */,
				9E84C467278B7F0900870EB6 /* Constants */,
				9E84C460278B729900870EB6 /* Dialog */,
				9E84C45B278B5FBC00870EB6 /* UITextField */,
				9E84C458278B5D9100870EB6 /* UIButton */,
				9E9AD0A3278ADFDC003E469A /* String */,
				9E9AD09B278AD8D6003E469A /* UIView */,
			);
			path = helper;
			sourceTree = "<group>";
		};
		9E9AD09B278AD8D6003E469A /* UIView */ = {
			isa = PBXGroup;
			children = (
				9E9AD09F278AD900003E469A /* UIView+drawRoundedEdge.swift */,
				9E9AD0AA278AF0CA003E469A /* UIView+makeCircular.swift */,
			);
			path = UIView;
			sourceTree = "<group>";
		};
		9E9AD0A3278ADFDC003E469A /* String */ = {
			isa = PBXGroup;
			children = (
				9E1530CF278EDED3009CDBDB /* String+filterFoods.swift */,
				9E9AD0A4278ADFE8003E469A /* String+index.swift */,
			);
			path = String;
			sourceTree = "<group>";
		};
		9E9AD0A6278AED40003E469A /* login-module */ = {
			isa = PBXGroup;
			children = (
				9E84C46D278C5F9000870EB6 /* protocols */,
				9E84C46C278C5F8C00870EB6 /* router */,
				9E84C46B278C5F8300870EB6 /* interactor */,
				9E84C46A278C5F7E00870EB6 /* presenter */,
				9E9AD0A7278AED4C003E469A /* view */,
			);
			path = "login-module";
			sourceTree = "<group>";
		};
		9E9AD0A7278AED4C003E469A /* view */ = {
			isa = PBXGroup;
			children = (
				9E9AD0A8278AED54003E469A /* LoginVC.swift */,
			);
			path = view;
			sourceTree = "<group>";
		};
		9E9B9961278AD5E900C16586 = {
			isa = PBXGroup;
			children = (
				9E9B996C278AD5E900C16586 /* FoodBank */,
				9E9B9986278AD5EB00C16586 /* FoodBankTests */,
				9E9B9990278AD5EB00C16586 /* FoodBankUITests */,
				9E9B996B278AD5E900C16586 /* Products */,
			);
			sourceTree = "<group>";
		};
		9E9B996B278AD5E900C16586 /* Products */ = {
			isa = PBXGroup;
			children = (
				9E9B996A278AD5E900C16586 /* FoodBank.app */,
				9E9B9983278AD5EB00C16586 /* FoodBankTests.xctest */,
				9E9B998D278AD5EB00C16586 /* FoodBankUITests.xctest */,
			);
			name = Products;
			sourceTree = "<group>";
		};
		9E9B996C278AD5E900C16586 /* FoodBank */ = {
			isa = PBXGroup;
			children = (
				9ED29479278F917300704A82 /* animations */,
				9ED29471278F8F4C00704A82 /* purchasemade-module */,
				9ED2944B278F14B000704A82 /* choosecreditcard-module */,
				9ED29446278EFEC600704A82 /* addsplashscreen-module */,
				9ED29442278EFE7100704A82 /* addcard-module */,
				9E327D4E278E0CAB00356646 /* foodlist-module */,
				9E84C4BD278CC9FC00870EB6 /* shoppingcard-module */,
				9E84C4AA278CAF8D00870EB6 /* fooddetail-module */,
				9E84C48E278C6D5800870EB6 /* entity */,
				9E84C463278B7C9A00870EB6 /* mainpage-module */,
				9E9AD0A6278AED40003E469A /* login-module */,
				9E9AD09A278AD8D0003E469A /* helper */,
				9E9B99A0278AD75000C16586 /* splashscreen-module */,
				9E9B996D278AD5E900C16586 /* AppDelegate.swift */,
				9E9B996F278AD5E900C16586 /* SceneDelegate.swift */,
				9E9B9973278AD5E900C16586 /* Main.storyboard */,
				9E9B9979278AD5EB00C16586 /* Assets.xcassets */,
				9E9B997B278AD5EB00C16586 /* LaunchScreen.storyboard */,
				9E9B997E278AD5EB00C16586 /* Info.plist */,
				9E9B9976278AD5E900C16586 /* FoodBank.xcdatamodeld */,
			);
			path = FoodBank;
			sourceTree = "<group>";
		};
		9E9B9986278AD5EB00C16586 /* FoodBankTests */ = {
			isa = PBXGroup;
			children = (
				9E9B9987278AD5EB00C16586 /* FoodBankTests.swift */,
			);
			path = FoodBankTests;
			sourceTree = "<group>";
		};
		9E9B9990278AD5EB00C16586 /* FoodBankUITests */ = {
			isa = PBXGroup;
			children = (
				9E9B9991278AD5EB00C16586 /* FoodBankUITests.swift */,
				9E9B9993278AD5EB00C16586 /* FoodBankUITestsLaunchTests.swift */,
			);
			path = FoodBankUITests;
			sourceTree = "<group>";
		};
		9E9B99A0278AD75000C16586 /* splashscreen-module */ = {
			isa = PBXGroup;
			children = (
				9E9B99A1278AD76100C16586 /* view */,
			);
			path = "splashscreen-module";
			sourceTree = "<group>";
		};
		9E9B99A1278AD76100C16586 /* view */ = {
			isa = PBXGroup;
			children = (
				9E9B99A2278AD76E00C16586 /* SplashScreenVC.swift */,
			);
			path = view;
			sourceTree = "<group>";
		};
		9ED29442278EFE7100704A82 /* addcard-module */ = {
			isa = PBXGroup;
			children = (
				9ED29452278F745000704A82 /* protocols */,
				9ED29451278F744A00704A82 /* router */,
				9ED29450278F744400704A82 /* interactor */,
				9ED2944F278F743E00704A82 /* presenter */,
				9ED2944C278F14C200704A82 /* view */,
			);
			path = "addcard-module";
			sourceTree = "<group>";
		};
		9ED29443278EFE7800704A82 /* view */ = {
			isa = PBXGroup;
			children = (
				9ED29447278EFF1800704A82 /* AddSplashScreenVC.swift */,
			);
			path = view;
			sourceTree = "<group>";
		};
		9ED29446278EFEC600704A82 /* addsplashscreen-module */ = {
			isa = PBXGroup;
			children = (
				9ED29443278EFE7800704A82 /* view */,
			);
			path = "addsplashscreen-module";
			sourceTree = "<group>";
		};
		9ED2944B278F14B000704A82 /* choosecreditcard-module */ = {
			isa = PBXGroup;
			children = (
				9ED2946C278F818000704A82 /* cell */,
				9ED29461278F7A3A00704A82 /* protocols */,
				9ED29460278F7A3400704A82 /* router */,
				9ED2945F278F7A2E00704A82 /* interactor */,
				9ED2945E278F7A2700704A82 /* presenter */,
				9ED2945D278F7A2300704A82 /* view */,
			);
			path = "choosecreditcard-module";
			sourceTree = "<group>";
		};
		9ED2944C278F14C200704A82 /* view */ = {
			isa = PBXGroup;
			children = (
				9ED2944D278F14C900704A82 /* AddCardVC.swift */,
			);
			path = view;
			sourceTree = "<group>";
		};
		9ED2944F278F743E00704A82 /* presenter */ = {
			isa = PBXGroup;
			children = (
				9ED29459278F75BB00704A82 /* AddCardPresenter.swift */,
			);
			path = presenter;
			sourceTree = "<group>";
		};
		9ED29450278F744400704A82 /* interactor */ = {
			isa = PBXGroup;
			children = (
				9ED2945B278F760B00704A82 /* AddCardInteractor.swift */,
			);
			path = interactor;
			sourceTree = "<group>";
		};
		9ED29451278F744A00704A82 /* router */ = {
			isa = PBXGroup;
			children = (
				9ED29457278F759800704A82 /* AddCardRouter.swift */,
			);
			path = router;
			sourceTree = "<group>";
		};
		9ED29452278F745000704A82 /* protocols */ = {
			isa = PBXGroup;
			children = (
				9ED29453278F74B700704A82 /* AddCardProtocols.swift */,
			);
			path = protocols;
			sourceTree = "<group>";
		};
		9ED2945D278F7A2300704A82 /* view */ = {
			isa = PBXGroup;
			children = (
				9ED29462278F7AA400704A82 /* ChooseCreditCardVC.swift */,
			);
			path = view;
			sourceTree = "<group>";
		};
		9ED2945E278F7A2700704A82 /* presenter */ = {
			isa = PBXGroup;
			children = (
				9ED2946A278F7F9F00704A82 /* ChooseCreditCardPresenter.swift */,
			);
			path = presenter;
			sourceTree = "<group>";
		};
		9ED2945F278F7A2E00704A82 /* interactor */ = {
			isa = PBXGroup;
			children = (
				9ED29468278F7F9100704A82 /* ChooseCreditCardInteractor.swift */,
			);
			path = interactor;
			sourceTree = "<group>";
		};
		9ED29460278F7A3400704A82 /* router */ = {
			isa = PBXGroup;
			children = (
				9ED29466278F7F8600704A82 /* ChooseCreditCardRouter.swift */,
			);
			path = router;
			sourceTree = "<group>";
		};
		9ED29461278F7A3A00704A82 /* protocols */ = {
			isa = PBXGroup;
			children = (
				9ED29464278F7EB100704A82 /* ChooseCreditCardProtocols.swift */,
			);
			path = protocols;
			sourceTree = "<group>";
		};
		9ED2946C278F818000704A82 /* cell */ = {
			isa = PBXGroup;
			children = (
				9ED2946D278F819800704A82 /* ChooseCreditCardTableViewCell.swift */,
				9ED2946E278F819800704A82 /* ChooseCreditCardTableViewCell.xib */,
			);
			path = cell;
			sourceTree = "<group>";
		};
		9ED29471278F8F4C00704A82 /* purchasemade-module */ = {
			isa = PBXGroup;
			children = (
				9ED29473278F8F5E00704A82 /* view */,
			);
			path = "purchasemade-module";
			sourceTree = "<group>";
		};
		9ED29473278F8F5E00704A82 /* view */ = {
			isa = PBXGroup;
			children = (
				9ED29474278F8F7C00704A82 /* PurchaseMadeVC.swift */,
			);
			path = view;
			sourceTree = "<group>";
		};
		9ED29479278F917300704A82 /* animations */ = {
			isa = PBXGroup;
			children = (
				9ED2947E278F931600704A82 /* purchase-made.json */,
				9ED2947B278F918200704A82 /* motorbike.json */,
			);
			path = animations;
			sourceTree = "<group>";
		};
		9ED29482278FA46900704A82 /* UIViewController */ = {
			isa = PBXGroup;
			children = (
				9ED29483278FA48100704A82 /* UIViewController+changeBarColor.swift */,
			);
			path = UIViewController;
			sourceTree = "<group>";
		};
/* End PBXGroup section */

/* Begin PBXNativeTarget section */
		9E9B9969278AD5E900C16586 /* FoodBank */ = {
			isa = PBXNativeTarget;
			buildConfigurationList = 9E9B9997278AD5EB00C16586 /* Build configuration list for PBXNativeTarget "FoodBank" */;
			buildPhases = (
				9E9B9966278AD5E900C16586 /* Sources */,
				9E9B9967278AD5E900C16586 /* Frameworks */,
				9E9B9968278AD5E900C16586 /* Resources */,
			);
			buildRules = (
			);
			dependencies = (
			);
			name = FoodBank;
			packageProductDependencies = (
				9E84C4A1278C9E2400870EB6 /* Alamofire */,
				9E84C4A4278C9E3300870EB6 /* Kingfisher */,
				9ED29477278F914400704A82 /* Lottie */,
			);
			productName = FoodBank;
			productReference = 9E9B996A278AD5E900C16586 /* FoodBank.app */;
			productType = "com.apple.product-type.application";
		};
		9E9B9982278AD5EB00C16586 /* FoodBankTests */ = {
			isa = PBXNativeTarget;
			buildConfigurationList = 9E9B999A278AD5EB00C16586 /* Build configuration list for PBXNativeTarget "FoodBankTests" */;
			buildPhases = (
				9E9B997F278AD5EB00C16586 /* Sources */,
				9E9B9980278AD5EB00C16586 /* Frameworks */,
				9E9B9981278AD5EB00C16586 /* Resources */,
			);
			buildRules = (
			);
			dependencies = (
				9E9B9985278AD5EB00C16586 /* PBXTargetDependency */,
			);
			name = FoodBankTests;
			productName = FoodBankTests;
			productReference = 9E9B9983278AD5EB00C16586 /* FoodBankTests.xctest */;
			productType = "com.apple.product-type.bundle.unit-test";
		};
		9E9B998C278AD5EB00C16586 /* FoodBankUITests */ = {
			isa = PBXNativeTarget;
			buildConfigurationList = 9E9B999D278AD5EB00C16586 /* Build configuration list for PBXNativeTarget "FoodBankUITests" */;
			buildPhases = (
				9E9B9989278AD5EB00C16586 /* Sources */,
				9E9B998A278AD5EB00C16586 /* Frameworks */,
				9E9B998B278AD5EB00C16586 /* Resources */,
			);
			buildRules = (
			);
			dependencies = (
				9E9B998F278AD5EB00C16586 /* PBXTargetDependency */,
			);
			name = FoodBankUITests;
			productName = FoodBankUITests;
			productReference = 9E9B998D278AD5EB00C16586 /* FoodBankUITests.xctest */;
			productType = "com.apple.product-type.bundle.ui-testing";
		};
/* End PBXNativeTarget section */

/* Begin PBXProject section */
		9E9B9962278AD5E900C16586 /* Project object */ = {
			isa = PBXProject;
			attributes = {
				BuildIndependentTargetsInParallel = 1;
				LastSwiftUpdateCheck = 1310;
				LastUpgradeCheck = 1310;
				TargetAttributes = {
					9E9B9969278AD5E900C16586 = {
						CreatedOnToolsVersion = 13.1;
					};
					9E9B9982278AD5EB00C16586 = {
						CreatedOnToolsVersion = 13.1;
						TestTargetID = 9E9B9969278AD5E900C16586;
					};
					9E9B998C278AD5EB00C16586 = {
						CreatedOnToolsVersion = 13.1;
						TestTargetID = 9E9B9969278AD5E900C16586;
					};
				};
			};
			buildConfigurationList = 9E9B9965278AD5E900C16586 /* Build configuration list for PBXProject "FoodBank" */;
			compatibilityVersion = "Xcode 13.0";
			developmentRegion = en;
			hasScannedForEncodings = 0;
			knownRegions = (
				en,
				Base,
				tr,
			);
			mainGroup = 9E9B9961278AD5E900C16586;
			packageReferences = (
				9E84C4A0278C9E2400870EB6 /* XCRemoteSwiftPackageReference "Alamofire" */,
				9E84C4A3278C9E3300870EB6 /* XCRemoteSwiftPackageReference "Kingfisher" */,
				9ED29476278F914400704A82 /* XCRemoteSwiftPackageReference "lottie-ios" */,
			);
			productRefGroup = 9E9B996B278AD5E900C16586 /* Products */;
			projectDirPath = "";
			projectRoot = "";
			targets = (
				9E9B9969278AD5E900C16586 /* FoodBank */,
				9E9B9982278AD5EB00C16586 /* FoodBankTests */,
				9E9B998C278AD5EB00C16586 /* FoodBankUITests */,
			);
		};
/* End PBXProject section */

/* Begin PBXResourcesBuildPhase section */
		9E9B9968278AD5E900C16586 /* Resources */ = {
			isa = PBXResourcesBuildPhase;
			buildActionMask = 2147483647;
			files = (
				9E84C489278C661F00870EB6 /* CategoryCollectionViewCell.xib in Resources */,
				9E84C47F278C618E00870EB6 /* HeaderTableViewCell.xib in Resources */,
				9ED2947F278F931600704A82 /* purchase-made.json in Resources */,
				9E9B997D278AD5EB00C16586 /* LaunchScreen.storyboard in Resources */,
				9ED2947D278F918200704A82 /* motorbike.json in Resources */,
				9ED29470278F819800704A82 /* ChooseCreditCardTableViewCell.xib in Resources */,
				9E84C4C7278CCAAA00870EB6 /* ShoppingCartTableViewCell.xib in Resources */,
				9E84C48D278C677400870EB6 /* ProductTableViewCell.xib in Resources */,
				9E84C484278C65AE00870EB6 /* CategoryWrapperTableViewCell.xib in Resources */,
				9E327D58278E0CF000356646 /* FoodListCollectionViewCell.xib in Resources */,
				9E9B997A278AD5EB00C16586 /* Assets.xcassets in Resources */,
				9E9B9975278AD5E900C16586 /* Main.storyboard in Resources */,
			);
			runOnlyForDeploymentPostprocessing = 0;
		};
		9E9B9981278AD5EB00C16586 /* Resources */ = {
			isa = PBXResourcesBuildPhase;
			buildActionMask = 2147483647;
			files = (
			);
			runOnlyForDeploymentPostprocessing = 0;
		};
		9E9B998B278AD5EB00C16586 /* Resources */ = {
			isa = PBXResourcesBuildPhase;
			buildActionMask = 2147483647;
			files = (
			);
			runOnlyForDeploymentPostprocessing = 0;
		};
/* End PBXResourcesBuildPhase section */

/* Begin PBXSourcesBuildPhase section */
		9E9B9966278AD5E900C16586 /* Sources */ = {
			isa = PBXSourcesBuildPhase;
			buildActionMask = 2147483647;
			files = (
				9E84C4D3278D841500870EB6 /* GetShoppingCartResponse.swift in Sources */,
				9E84C4DE278DE56000870EB6 /* DeleteFoodMapper.swift in Sources */,
				9E84C471278C604A00870EB6 /* LoginPagePresenter.swift in Sources */,
				9E84C4DC278D9F2B00870EB6 /* DeleteFoodRequest.swift in Sources */,
				9ED29456278F74EB00704A82 /* CreditCard.swift in Sources */,
				9ED29469278F7F9100704A82 /* ChooseCreditCardInteractor.swift in Sources */,
				9E84C49B278C914300870EB6 /* MainpageProtocols.swift in Sources */,
				9ED29463278F7AA400704A82 /* ChooseCreditCardVC.swift in Sources */,
				9E84C466278B7CAB00870EB6 /* MainpageVC.swift in Sources */,
				9E84C4AD278CAFA500870EB6 /* FoodDetailVC.swift in Sources */,
				9ED29448278EFF1800704A82 /* AddSplashScreenVC.swift in Sources */,
				9E84C4A7278C9EE600870EB6 /* Network.swift in Sources */,
				9E327D5E278E0FC100356646 /* FoodListRouter.swift in Sources */,
				9E84C47E278C618E00870EB6 /* HeaderTableViewCell.swift in Sources */,
				9E84C462278B72A900870EB6 /* Diaglog.swift in Sources */,
				9E327D62278E100500356646 /* FoodListPresenter.swift in Sources */,
				9E84C45A278B5DA500870EB6 /* UIButton+reshape.swift in Sources */,
				9E84C45F278B637700870EB6 /* UIButton+turnButton.swift in Sources */,
				9E327D5A278E0EC100356646 /* FoodListVC.swift in Sources */,
				9E84C4D7278D87C100870EB6 /* AddFoodToShoppingCardRequest.swift in Sources */,
				9E84C475278C60AF00870EB6 /* LoginPageRouter.swift in Sources */,
				9E84C48C278C677400870EB6 /* ProductTableViewCell.swift in Sources */,
				9E84C45D278B5FD300870EB6 /* UITextField+cornerShape.swift in Sources */,
				9E327D60278E0FE500356646 /* FoodListInteractor.swift in Sources */,
				9E9AD0A0278AD900003E469A /* UIView+drawRoundedEdge.swift in Sources */,
				9E84C4B8278CC40D00870EB6 /* FoodDetailRouter.swift in Sources */,
				9ED29465278F7EB100704A82 /* ChooseCreditCardProtocols.swift in Sources */,
				9E9AD0A9278AED54003E469A /* LoginVC.swift in Sources */,
				9E9B9978278AD5E900C16586 /* FoodBank.xcdatamodeld in Sources */,
				9E84C4D1278CD45700870EB6 /* ShoppingCartPresenter.swift in Sources */,
				9ED2945C278F760B00704A82 /* AddCardInteractor.swift in Sources */,
				9E84C4A9278CA47800870EB6 /* MainpageRouter.swift in Sources */,
				9E84C4BC278CC41E00870EB6 /* FoodDetailPresenter.swift in Sources */,
				9ED2946F278F819800704A82 /* ChooseCreditCardTableViewCell.swift in Sources */,
				9ED29484278FA48100704A82 /* UIViewController+changeBarColor.swift in Sources */,
				9E9AD0AB278AF0CA003E469A /* UIView+makeCircular.swift in Sources */,
				9E84C4DA278D8BB700870EB6 /* AddFoodMapper.swift in Sources */,
				9E84C49D278C9A9F00870EB6 /* MainpagePresenter.swift in Sources */,
				9E84C499278C7C9F00870EB6 /* GetFoodResponse.swift in Sources */,
				9E84C4C6278CCAAA00870EB6 /* ShoppingCartTableViewCell.swift in Sources */,
				9ED29458278F759800704A82 /* AddCardRouter.swift in Sources */,
				9ED29454278F74B700704A82 /* AddCardProtocols.swift in Sources */,
				9E84C49F278C9DEF00870EB6 /* MainpageInteractor.swift in Sources */,
				9E84C4CF278CD44B00870EB6 /* ShoppingCartInteractor.swift in Sources */,
				9E9B996E278AD5E900C16586 /* AppDelegate.swift in Sources */,
				9E84C490278C6D6500870EB6 /* Category.swift in Sources */,
				9E84C473278C607300870EB6 /* LoginPageInteractor.swift in Sources */,
				9E84C4CB278CD31700870EB6 /* ShoppingCardProtocol.swift in Sources */,
				9E84C4BA278CC41700870EB6 /* FoodDetailInteractor.swift in Sources */,
				9ED29467278F7F8600704A82 /* ChooseCreditCardRouter.swift in Sources */,
				9E84C4CD278CD44100870EB6 /* ShoppingCartRouter.swift in Sources */,
				9E9B99A3278AD76E00C16586 /* SplashScreenVC.swift in Sources */,
				9E327D65278E12B200356646 /* FoodListFilter.swift in Sources */,
				9E84C483278C65AE00870EB6 /* CategoryWrapperTableViewCell.swift in Sources */,
				9E84C469278B7F1600870EB6 /* Constants.swift in Sources */,
				9E84C4C9278CCF8E00870EB6 /* ShoppingCartVC.swift in Sources */,
				9ED2944E278F14C900704A82 /* AddCardVC.swift in Sources */,
				9E327D57278E0CF000356646 /* FoodListCollectionViewCell.swift in Sources */,
				9E9AD0A5278ADFE8003E469A /* String+index.swift in Sources */,
				9ED2945A278F75BB00704A82 /* AddCardPresenter.swift in Sources */,
				9E1530D0278EDED3009CDBDB /* String+filterFoods.swift in Sources */,
				9ED2944A278F006700704A82 /* AddType.swift in Sources */,
				9ED2946B278F7F9F00704A82 /* ChooseCreditCardPresenter.swift in Sources */,
				9ED29475278F8F7C00704A82 /* PurchaseMadeVC.swift in Sources */,
				9E327D5C278E0F6F00356646 /* FoodListProtocols.swift in Sources */,
				9E84C46F278C5FAB00870EB6 /* LoginPageProtocols.swift in Sources */,
				9E84C488278C661F00870EB6 /* CategoryCollectionViewCell.swift in Sources */,
				9E84C4B6278CC37800870EB6 /* FoodDetailProtocols.swift in Sources */,
				9E9B9970278AD5E900C16586 /* SceneDelegate.swift in Sources */,
			);
			runOnlyForDeploymentPostprocessing = 0;
		};
		9E9B997F278AD5EB00C16586 /* Sources */ = {
			isa = PBXSourcesBuildPhase;
			buildActionMask = 2147483647;
			files = (
				9E9B9988278AD5EB00C16586 /* FoodBankTests.swift in Sources */,
			);
			runOnlyForDeploymentPostprocessing = 0;
		};
		9E9B9989278AD5EB00C16586 /* Sources */ = {
			isa = PBXSourcesBuildPhase;
			buildActionMask = 2147483647;
			files = (
				9E9B9994278AD5EB00C16586 /* FoodBankUITestsLaunchTests.swift in Sources */,
				9E9B9992278AD5EB00C16586 /* FoodBankUITests.swift in Sources */,
			);
			runOnlyForDeploymentPostprocessing = 0;
		};
/* End PBXSourcesBuildPhase section */

/* Begin PBXTargetDependency section */
		9E9B9985278AD5EB00C16586 /* PBXTargetDependency */ = {
			isa = PBXTargetDependency;
			target = 9E9B9969278AD5E900C16586 /* FoodBank */;
			targetProxy = 9E9B9984278AD5EB00C16586 /* PBXContainerItemProxy */;
		};
		9E9B998F278AD5EB00C16586 /* PBXTargetDependency */ = {
			isa = PBXTargetDependency;
			target = 9E9B9969278AD5E900C16586 /* FoodBank */;
			targetProxy = 9E9B998E278AD5EB00C16586 /* PBXContainerItemProxy */;
		};
/* End PBXTargetDependency section */

/* Begin PBXVariantGroup section */
		9E9B9973278AD5E900C16586 /* Main.storyboard */ = {
			isa = PBXVariantGroup;
			children = (
				9E9B9974278AD5E900C16586 /* Base */,
				9E9AD0A1278ADADA003E469A /* tr */,
			);
			name = Main.storyboard;
			sourceTree = "<group>";
		};
		9E9B997B278AD5EB00C16586 /* LaunchScreen.storyboard */ = {
			isa = PBXVariantGroup;
			children = (
				9E9B997C278AD5EB00C16586 /* Base */,
				9E9AD0A2278ADADB003E469A /* tr */,
			);
			name = LaunchScreen.storyboard;
			sourceTree = "<group>";
		};
/* End PBXVariantGroup section */

/* Begin XCBuildConfiguration section */
		9E9B9995278AD5EB00C16586 /* Debug */ = {
			isa = XCBuildConfiguration;
			buildSettings = {
				ALWAYS_SEARCH_USER_PATHS = NO;
				CLANG_ANALYZER_LOCALIZABILITY_NONLOCALIZED = YES;
				CLANG_ANALYZER_NONNULL = YES;
				CLANG_ANALYZER_NUMBER_OBJECT_CONVERSION = YES_AGGRESSIVE;
				CLANG_CXX_LANGUAGE_STANDARD = "gnu++17";
				CLANG_CXX_LIBRARY = "libc++";
				CLANG_ENABLE_MODULES = YES;
				CLANG_ENABLE_OBJC_ARC = YES;
				CLANG_ENABLE_OBJC_WEAK = YES;
				CLANG_WARN_BLOCK_CAPTURE_AUTORELEASING = YES;
				CLANG_WARN_BOOL_CONVERSION = YES;
				CLANG_WARN_COMMA = YES;
				CLANG_WARN_CONSTANT_CONVERSION = YES;
				CLANG_WARN_DEPRECATED_OBJC_IMPLEMENTATIONS = YES;
				CLANG_WARN_DIRECT_OBJC_ISA_USAGE = YES_ERROR;
				CLANG_WARN_DOCUMENTATION_COMMENTS = YES;
				CLANG_WARN_EMPTY_BODY = YES;
				CLANG_WARN_ENUM_CONVERSION = YES;
				CLANG_WARN_INFINITE_RECURSION = YES;
				CLANG_WARN_INT_CONVERSION = YES;
				CLANG_WARN_NON_LITERAL_NULL_CONVERSION = YES;
				CLANG_WARN_OBJC_IMPLICIT_RETAIN_SELF = YES;
				CLANG_WARN_OBJC_LITERAL_CONVERSION = YES;
				CLANG_WARN_OBJC_ROOT_CLASS = YES_ERROR;
				CLANG_WARN_QUOTED_INCLUDE_IN_FRAMEWORK_HEADER = YES;
				CLANG_WARN_RANGE_LOOP_ANALYSIS = YES;
				CLANG_WARN_STRICT_PROTOTYPES = YES;
				CLANG_WARN_SUSPICIOUS_MOVE = YES;
				CLANG_WARN_UNGUARDED_AVAILABILITY = YES_AGGRESSIVE;
				CLANG_WARN_UNREACHABLE_CODE = YES;
				CLANG_WARN__DUPLICATE_METHOD_MATCH = YES;
				COPY_PHASE_STRIP = NO;
				DEBUG_INFORMATION_FORMAT = dwarf;
				ENABLE_STRICT_OBJC_MSGSEND = YES;
				ENABLE_TESTABILITY = YES;
				GCC_C_LANGUAGE_STANDARD = gnu11;
				GCC_DYNAMIC_NO_PIC = NO;
				GCC_NO_COMMON_BLOCKS = YES;
				GCC_OPTIMIZATION_LEVEL = 0;
				GCC_PREPROCESSOR_DEFINITIONS = (
					"DEBUG=1",
					"$(inherited)",
				);
				GCC_WARN_64_TO_32_BIT_CONVERSION = YES;
				GCC_WARN_ABOUT_RETURN_TYPE = YES_ERROR;
				GCC_WARN_UNDECLARED_SELECTOR = YES;
				GCC_WARN_UNINITIALIZED_AUTOS = YES_AGGRESSIVE;
				GCC_WARN_UNUSED_FUNCTION = YES;
				GCC_WARN_UNUSED_VARIABLE = YES;
				IPHONEOS_DEPLOYMENT_TARGET = 15.0;
				MTL_ENABLE_DEBUG_INFO = INCLUDE_SOURCE;
				MTL_FAST_MATH = YES;
				ONLY_ACTIVE_ARCH = YES;
				SDKROOT = iphoneos;
				SWIFT_ACTIVE_COMPILATION_CONDITIONS = DEBUG;
				SWIFT_OPTIMIZATION_LEVEL = "-Onone";
			};
			name = Debug;
		};
		9E9B9996278AD5EB00C16586 /* Release */ = {
			isa = XCBuildConfiguration;
			buildSettings = {
				ALWAYS_SEARCH_USER_PATHS = NO;
				CLANG_ANALYZER_LOCALIZABILITY_NONLOCALIZED = YES;
				CLANG_ANALYZER_NONNULL = YES;
				CLANG_ANALYZER_NUMBER_OBJECT_CONVERSION = YES_AGGRESSIVE;
				CLANG_CXX_LANGUAGE_STANDARD = "gnu++17";
				CLANG_CXX_LIBRARY = "libc++";
				CLANG_ENABLE_MODULES = YES;
				CLANG_ENABLE_OBJC_ARC = YES;
				CLANG_ENABLE_OBJC_WEAK = YES;
				CLANG_WARN_BLOCK_CAPTURE_AUTORELEASING = YES;
				CLANG_WARN_BOOL_CONVERSION = YES;
				CLANG_WARN_COMMA = YES;
				CLANG_WARN_CONSTANT_CONVERSION = YES;
				CLANG_WARN_DEPRECATED_OBJC_IMPLEMENTATIONS = YES;
				CLANG_WARN_DIRECT_OBJC_ISA_USAGE = YES_ERROR;
				CLANG_WARN_DOCUMENTATION_COMMENTS = YES;
				CLANG_WARN_EMPTY_BODY = YES;
				CLANG_WARN_ENUM_CONVERSION = YES;
				CLANG_WARN_INFINITE_RECURSION = YES;
				CLANG_WARN_INT_CONVERSION = YES;
				CLANG_WARN_NON_LITERAL_NULL_CONVERSION = YES;
				CLANG_WARN_OBJC_IMPLICIT_RETAIN_SELF = YES;
				CLANG_WARN_OBJC_LITERAL_CONVERSION = YES;
				CLANG_WARN_OBJC_ROOT_CLASS = YES_ERROR;
				CLANG_WARN_QUOTED_INCLUDE_IN_FRAMEWORK_HEADER = YES;
				CLANG_WARN_RANGE_LOOP_ANALYSIS = YES;
				CLANG_WARN_STRICT_PROTOTYPES = YES;
				CLANG_WARN_SUSPICIOUS_MOVE = YES;
				CLANG_WARN_UNGUARDED_AVAILABILITY = YES_AGGRESSIVE;
				CLANG_WARN_UNREACHABLE_CODE = YES;
				CLANG_WARN__DUPLICATE_METHOD_MATCH = YES;
				COPY_PHASE_STRIP = NO;
				DEBUG_INFORMATION_FORMAT = "dwarf-with-dsym";
				ENABLE_NS_ASSERTIONS = NO;
				ENABLE_STRICT_OBJC_MSGSEND = YES;
				GCC_C_LANGUAGE_STANDARD = gnu11;
				GCC_NO_COMMON_BLOCKS = YES;
				GCC_WARN_64_TO_32_BIT_CONVERSION = YES;
				GCC_WARN_ABOUT_RETURN_TYPE = YES_ERROR;
				GCC_WARN_UNDECLARED_SELECTOR = YES;
				GCC_WARN_UNINITIALIZED_AUTOS = YES_AGGRESSIVE;
				GCC_WARN_UNUSED_FUNCTION = YES;
				GCC_WARN_UNUSED_VARIABLE = YES;
				IPHONEOS_DEPLOYMENT_TARGET = 15.0;
				MTL_ENABLE_DEBUG_INFO = NO;
				MTL_FAST_MATH = YES;
				SDKROOT = iphoneos;
				SWIFT_COMPILATION_MODE = wholemodule;
				SWIFT_OPTIMIZATION_LEVEL = "-O";
				VALIDATE_PRODUCT = YES;
			};
			name = Release;
		};
		9E9B9998278AD5EB00C16586 /* Debug */ = {
			isa = XCBuildConfiguration;
			buildSettings = {
				ASSETCATALOG_COMPILER_APPICON_NAME = AppIcon;
				ASSETCATALOG_COMPILER_GLOBAL_ACCENT_COLOR_NAME = AccentColor;
				CODE_SIGN_STYLE = Automatic;
				CURRENT_PROJECT_VERSION = 1;
				GENERATE_INFOPLIST_FILE = YES;
				INFOPLIST_FILE = FoodBank/Info.plist;
				INFOPLIST_KEY_UIApplicationSupportsIndirectInputEvents = YES;
				INFOPLIST_KEY_UILaunchStoryboardName = LaunchScreen;
				INFOPLIST_KEY_UIMainStoryboardFile = Main;
				INFOPLIST_KEY_UISupportedInterfaceOrientations_iPad = "UIInterfaceOrientationPortrait UIInterfaceOrientationPortraitUpsideDown UIInterfaceOrientationLandscapeLeft UIInterfaceOrientationLandscapeRight";
				INFOPLIST_KEY_UISupportedInterfaceOrientations_iPhone = "UIInterfaceOrientationPortrait UIInterfaceOrientationLandscapeLeft UIInterfaceOrientationLandscapeRight";
				LD_RUNPATH_SEARCH_PATHS = (
					"$(inherited)",
					"@executable_path/Frameworks",
				);
				MARKETING_VERSION = 1.0;
				PRODUCT_BUNDLE_IDENTIFIER = dag.clone.foodelivery.FoodBank;
				PRODUCT_NAME = "$(TARGET_NAME)";
				SWIFT_EMIT_LOC_STRINGS = YES;
				SWIFT_VERSION = 5.0;
				TARGETED_DEVICE_FAMILY = 1;
			};
			name = Debug;
		};
		9E9B9999278AD5EB00C16586 /* Release */ = {
			isa = XCBuildConfiguration;
			buildSettings = {
				ASSETCATALOG_COMPILER_APPICON_NAME = AppIcon;
				ASSETCATALOG_COMPILER_GLOBAL_ACCENT_COLOR_NAME = AccentColor;
				CODE_SIGN_STYLE = Automatic;
				CURRENT_PROJECT_VERSION = 1;
				GENERATE_INFOPLIST_FILE = YES;
				INFOPLIST_FILE = FoodBank/Info.plist;
				INFOPLIST_KEY_UIApplicationSupportsIndirectInputEvents = YES;
				INFOPLIST_KEY_UILaunchStoryboardName = LaunchScreen;
				INFOPLIST_KEY_UIMainStoryboardFile = Main;
				INFOPLIST_KEY_UISupportedInterfaceOrientations_iPad = "UIInterfaceOrientationPortrait UIInterfaceOrientationPortraitUpsideDown UIInterfaceOrientationLandscapeLeft UIInterfaceOrientationLandscapeRight";
				INFOPLIST_KEY_UISupportedInterfaceOrientations_iPhone = "UIInterfaceOrientationPortrait UIInterfaceOrientationLandscapeLeft UIInterfaceOrientationLandscapeRight";
				LD_RUNPATH_SEARCH_PATHS = (
					"$(inherited)",
					"@executable_path/Frameworks",
				);
				MARKETING_VERSION = 1.0;
				PRODUCT_BUNDLE_IDENTIFIER = dag.clone.foodelivery.FoodBank;
				PRODUCT_NAME = "$(TARGET_NAME)";
				SWIFT_EMIT_LOC_STRINGS = YES;
				SWIFT_VERSION = 5.0;
				TARGETED_DEVICE_FAMILY = 1;
			};
			name = Release;
		};
		9E9B999B278AD5EB00C16586 /* Debug */ = {
			isa = XCBuildConfiguration;
			buildSettings = {
				ALWAYS_EMBED_SWIFT_STANDARD_LIBRARIES = YES;
				BUNDLE_LOADER = "$(TEST_HOST)";
				CODE_SIGN_STYLE = Automatic;
				CURRENT_PROJECT_VERSION = 1;
				GENERATE_INFOPLIST_FILE = YES;
				IPHONEOS_DEPLOYMENT_TARGET = 15.0;
				LD_RUNPATH_SEARCH_PATHS = (
					"$(inherited)",
					"@executable_path/Frameworks",
					"@loader_path/Frameworks",
				);
				MARKETING_VERSION = 1.0;
				PRODUCT_BUNDLE_IDENTIFIER = dag.clone.foodelivery.FoodBankTests;
				PRODUCT_NAME = "$(TARGET_NAME)";
				SWIFT_EMIT_LOC_STRINGS = NO;
				SWIFT_VERSION = 5.0;
				TARGETED_DEVICE_FAMILY = "1,2";
				TEST_HOST = "$(BUILT_PRODUCTS_DIR)/FoodBank.app/FoodBank";
			};
			name = Debug;
		};
		9E9B999C278AD5EB00C16586 /* Release */ = {
			isa = XCBuildConfiguration;
			buildSettings = {
				ALWAYS_EMBED_SWIFT_STANDARD_LIBRARIES = YES;
				BUNDLE_LOADER = "$(TEST_HOST)";
				CODE_SIGN_STYLE = Automatic;
				CURRENT_PROJECT_VERSION = 1;
				GENERATE_INFOPLIST_FILE = YES;
				IPHONEOS_DEPLOYMENT_TARGET = 15.0;
				LD_RUNPATH_SEARCH_PATHS = (
					"$(inherited)",
					"@executable_path/Frameworks",
					"@loader_path/Frameworks",
				);
				MARKETING_VERSION = 1.0;
				PRODUCT_BUNDLE_IDENTIFIER = dag.clone.foodelivery.FoodBankTests;
				PRODUCT_NAME = "$(TARGET_NAME)";
				SWIFT_EMIT_LOC_STRINGS = NO;
				SWIFT_VERSION = 5.0;
				TARGETED_DEVICE_FAMILY = "1,2";
				TEST_HOST = "$(BUILT_PRODUCTS_DIR)/FoodBank.app/FoodBank";
			};
			name = Release;
		};
		9E9B999E278AD5EB00C16586 /* Debug */ = {
			isa = XCBuildConfiguration;
			buildSettings = {
				ALWAYS_EMBED_SWIFT_STANDARD_LIBRARIES = YES;
				CODE_SIGN_STYLE = Automatic;
				CURRENT_PROJECT_VERSION = 1;
				GENERATE_INFOPLIST_FILE = YES;
				LD_RUNPATH_SEARCH_PATHS = (
					"$(inherited)",
					"@executable_path/Frameworks",
					"@loader_path/Frameworks",
				);
				MARKETING_VERSION = 1.0;
				PRODUCT_BUNDLE_IDENTIFIER = dag.clone.foodelivery.FoodBankUITests;
				PRODUCT_NAME = "$(TARGET_NAME)";
				SWIFT_EMIT_LOC_STRINGS = NO;
				SWIFT_VERSION = 5.0;
				TARGETED_DEVICE_FAMILY = "1,2";
				TEST_TARGET_NAME = FoodBank;
			};
			name = Debug;
		};
		9E9B999F278AD5EB00C16586 /* Release */ = {
			isa = XCBuildConfiguration;
			buildSettings = {
				ALWAYS_EMBED_SWIFT_STANDARD_LIBRARIES = YES;
				CODE_SIGN_STYLE = Automatic;
				CURRENT_PROJECT_VERSION = 1;
				GENERATE_INFOPLIST_FILE = YES;
				LD_RUNPATH_SEARCH_PATHS = (
					"$(inherited)",
					"@executable_path/Frameworks",
					"@loader_path/Frameworks",
				);
				MARKETING_VERSION = 1.0;
				PRODUCT_BUNDLE_IDENTIFIER = dag.clone.foodelivery.FoodBankUITests;
				PRODUCT_NAME = "$(TARGET_NAME)";
				SWIFT_EMIT_LOC_STRINGS = NO;
				SWIFT_VERSION = 5.0;
				TARGETED_DEVICE_FAMILY = "1,2";
				TEST_TARGET_NAME = FoodBank;
			};
			name = Release;
		};
/* End XCBuildConfiguration section */

/* Begin XCConfigurationList section */
		9E9B9965278AD5E900C16586 /* Build configuration list for PBXProject "FoodBank" */ = {
			isa = XCConfigurationList;
			buildConfigurations = (
				9E9B9995278AD5EB00C16586 /* Debug */,
				9E9B9996278AD5EB00C16586 /* Release */,
			);
			defaultConfigurationIsVisible = 0;
			defaultConfigurationName = Release;
		};
		9E9B9997278AD5EB00C16586 /* Build configuration list for PBXNativeTarget "FoodBank" */ = {
			isa = XCConfigurationList;
			buildConfigurations = (
				9E9B9998278AD5EB00C16586 /* Debug */,
				9E9B9999278AD5EB00C16586 /* Release */,
			);
			defaultConfigurationIsVisible = 0;
			defaultConfigurationName = Release;
		};
		9E9B999A278AD5EB00C16586 /* Build configuration list for PBXNativeTarget "FoodBankTests" */ = {
			isa = XCConfigurationList;
			buildConfigurations = (
				9E9B999B278AD5EB00C16586 /* Debug */,
				9E9B999C278AD5EB00C16586 /* Release */,
			);
			defaultConfigurationIsVisible = 0;
			defaultConfigurationName = Release;
		};
		9E9B999D278AD5EB00C16586 /* Build configuration list for PBXNativeTarget "FoodBankUITests" */ = {
			isa = XCConfigurationList;
			buildConfigurations = (
				9E9B999E278AD5EB00C16586 /* Debug */,
				9E9B999F278AD5EB00C16586 /* Release */,
			);
			defaultConfigurationIsVisible = 0;
			defaultConfigurationName = Release;
		};
/* End XCConfigurationList section */

/* Begin XCRemoteSwiftPackageReference section */
		9E84C4A0278C9E2400870EB6 /* XCRemoteSwiftPackageReference "Alamofire" */ = {
			isa = XCRemoteSwiftPackageReference;
			repositoryURL = "https://github.com/Alamofire/Alamofire";
			requirement = {
				branch = master;
				kind = branch;
			};
		};
		9E84C4A3278C9E3300870EB6 /* XCRemoteSwiftPackageReference "Kingfisher" */ = {
			isa = XCRemoteSwiftPackageReference;
			repositoryURL = "https://github.com/onevcat/Kingfisher.git";
			requirement = {
				branch = master;
				kind = branch;
			};
		};
		9ED29476278F914400704A82 /* XCRemoteSwiftPackageReference "lottie-ios" */ = {
			isa = XCRemoteSwiftPackageReference;
			repositoryURL = "https://github.com/airbnb/lottie-ios.git";
			requirement = {
				kind = upToNextMajorVersion;
				minimumVersion = 3.0.0;
			};
		};
/* End XCRemoteSwiftPackageReference section */

/* Begin XCSwiftPackageProductDependency section */
		9E84C4A1278C9E2400870EB6 /* Alamofire */ = {
			isa = XCSwiftPackageProductDependency;
			package = 9E84C4A0278C9E2400870EB6 /* XCRemoteSwiftPackageReference "Alamofire" */;
			productName = Alamofire;
		};
		9E84C4A4278C9E3300870EB6 /* Kingfisher */ = {
			isa = XCSwiftPackageProductDependency;
			package = 9E84C4A3278C9E3300870EB6 /* XCRemoteSwiftPackageReference "Kingfisher" */;
			productName = Kingfisher;
		};
		9ED29477278F914400704A82 /* Lottie */ = {
			isa = XCSwiftPackageProductDependency;
			package = 9ED29476278F914400704A82 /* XCRemoteSwiftPackageReference "lottie-ios" */;
			productName = Lottie;
		};
/* End XCSwiftPackageProductDependency section */

/* Begin XCVersionGroup section */
		9E9B9976278AD5E900C16586 /* FoodBank.xcdatamodeld */ = {
			isa = XCVersionGroup;
			children = (
				9E9B9977278AD5E900C16586 /* FoodBank.xcdatamodel */,
			);
			currentVersion = 9E9B9977278AD5E900C16586 /* FoodBank.xcdatamodel */;
			path = FoodBank.xcdatamodeld;
			sourceTree = "<group>";
			versionGroupType = wrapper.xcdatamodel;
		};
/* End XCVersionGroup section */
	};
	rootObject = 9E9B9962278AD5E900C16586 /* Project object */;
}
